// !$*UTF8*$!
{
	archiveVersion = 1;
	classes = {
	};
	objectVersion = 46;
	objects = {

/* Begin PBXBuildFile section */
		00B31B0C1DA2E613005D990B /* AppDelegate.swift in Sources */ = {isa = PBXBuildFile; fileRef = 00B31B0B1DA2E613005D990B /* AppDelegate.swift */; };
		00B31B111DA2E613005D990B /* Main.storyboard in Resources */ = {isa = PBXBuildFile; fileRef = 00B31B0F1DA2E613005D990B /* Main.storyboard */; };
		00B31B131DA2E613005D990B /* Assets.xcassets in Resources */ = {isa = PBXBuildFile; fileRef = 00B31B121DA2E613005D990B /* Assets.xcassets */; };
		00B31B161DA2E613005D990B /* LaunchScreen.storyboard in Resources */ = {isa = PBXBuildFile; fileRef = 00B31B141DA2E613005D990B /* LaunchScreen.storyboard */; };
		00B31B1E1DA33D56005D990B /* MealViewController.swift in Sources */ = {isa = PBXBuildFile; fileRef = 00B31B0D1DA2E613005D990B /* MealViewController.swift */; };
		00B31B201DA780A1005D990B /* RatingControl.swift in Sources */ = {isa = PBXBuildFile; fileRef = 00B31B1F1DA780A1005D990B /* RatingControl.swift */; };
		00B31B221DA87F04005D990B /* Meal.swift in Sources */ = {isa = PBXBuildFile; fileRef = 00B31B211DA87F04005D990B /* Meal.swift */; };
		00B31B241DA881A2005D990B /* ReciRepTests in Resources */ = {isa = PBXBuildFile; fileRef = 00B31B231DA881A2005D990B /* ReciRepTests */; };
		00B31B261DAA1F2D005D990B /* MealTableViewCell.swift in Sources */ = {isa = PBXBuildFile; fileRef = 00B31B251DAA1F2D005D990B /* MealTableViewCell.swift */; };
		00B31B281DAA27E6005D990B /* MealTableViewController.swift in Sources */ = {isa = PBXBuildFile; fileRef = 00B31B271DAA27E6005D990B /* MealTableViewController.swift */; };
/* End PBXBuildFile section */

/* Begin PBXFileReference section */
		00B31B081DA2E613005D990B /* ReciRep.app */ = {isa = PBXFileReference; explicitFileType = wrapper.application; includeInIndex = 0; path = ReciRep.app; sourceTree = BUILT_PRODUCTS_DIR; };
		00B31B0B1DA2E613005D990B /* AppDelegate.swift */ = {isa = PBXFileReference; lastKnownFileType = sourcecode.swift; path = AppDelegate.swift; sourceTree = "<group>"; };
		00B31B0D1DA2E613005D990B /* MealViewController.swift */ = {isa = PBXFileReference; lastKnownFileType = sourcecode.swift; path = MealViewController.swift; sourceTree = "<group>"; };
		00B31B101DA2E613005D990B /* Base */ = {isa = PBXFileReference; lastKnownFileType = file.storyboard; name = Base; path = Base.lproj/Main.storyboard; sourceTree = "<group>"; };
		00B31B121DA2E613005D990B /* Assets.xcassets */ = {isa = PBXFileReference; lastKnownFileType = folder.assetcatalog; path = Assets.xcassets; sourceTree = "<group>"; };
		00B31B151DA2E613005D990B /* Base */ = {isa = PBXFileReference; lastKnownFileType = file.storyboard; name = Base; path = Base.lproj/LaunchScreen.storyboard; sourceTree = "<group>"; };
		00B31B171DA2E613005D990B /* Info.plist */ = {isa = PBXFileReference; lastKnownFileType = text.plist.xml; path = Info.plist; sourceTree = "<group>"; };
		00B31B1F1DA780A1005D990B /* RatingControl.swift */ = {isa = PBXFileReference; fileEncoding = 4; lastKnownFileType = sourcecode.swift; path = RatingControl.swift; sourceTree = "<group>"; };
		00B31B211DA87F04005D990B /* Meal.swift */ = {isa = PBXFileReference; fileEncoding = 4; lastKnownFileType = sourcecode.swift; path = Meal.swift; sourceTree = "<group>"; };
		00B31B231DA881A2005D990B /* ReciRepTests */ = {isa = PBXFileReference; lastKnownFileType = folder; name = ReciRepTests; path = "../../Downloads/Start-Dev-iOS-Apps-03/FoodTracker - Connect the UI to Code/ReciRepTests"; sourceTree = "<group>"; };
		00B31B251DAA1F2D005D990B /* MealTableViewCell.swift */ = {isa = PBXFileReference; fileEncoding = 4; lastKnownFileType = sourcecode.swift; path = MealTableViewCell.swift; sourceTree = "<group>"; };
		00B31B271DAA27E6005D990B /* MealTableViewController.swift */ = {isa = PBXFileReference; fileEncoding = 4; lastKnownFileType = sourcecode.swift; path = MealTableViewController.swift; sourceTree = "<group>"; };
/* End PBXFileReference section */

/* Begin PBXFrameworksBuildPhase section */
		00B31B051DA2E613005D990B /* Frameworks */ = {
			isa = PBXFrameworksBuildPhase;
			buildActionMask = 2147483647;
			files = (
			);
			runOnlyForDeploymentPostprocessing = 0;
		};
/* End PBXFrameworksBuildPhase section */

/* Begin PBXGroup section */
		00B31AFF1DA2E613005D990B = {
			isa = PBXGroup;
			children = (
				00B31B0A1DA2E613005D990B /* ReciRep */,
				00B31B231DA881A2005D990B /* ReciRepTests */,
				00B31B091DA2E613005D990B /* Products */,
			);
			sourceTree = "<group>";
		};
		00B31B091DA2E613005D990B /* Products */ = {
			isa = PBXGroup;
			children = (
				00B31B081DA2E613005D990B /* ReciRep.app */,
			);
			name = Products;
			sourceTree = "<group>";
		};
		00B31B0A1DA2E613005D990B /* ReciRep */ = {
			isa = PBXGroup;
			children = (
				00B31B0B1DA2E613005D990B /* AppDelegate.swift */,
				00B31B0D1DA2E613005D990B /* MealViewController.swift */,
				00B31B211DA87F04005D990B /* Meal.swift */,
				00B31B1F1DA780A1005D990B /* RatingControl.swift */,
				00B31B0F1DA2E613005D990B /* Main.storyboard */,
				00B31B271DAA27E6005D990B /* MealTableViewController.swift */,
				00B31B251DAA1F2D005D990B /* MealTableViewCell.swift */,
				00B31B121DA2E613005D990B /* Assets.xcassets */,
				00B31B141DA2E613005D990B /* LaunchScreen.storyboard */,
				00B31B171DA2E613005D990B /* Info.plist */,
			);
			path = ReciRep;
			sourceTree = "<group>";
		};
/* End PBXGroup section */

/* Begin PBXNativeTarget section */
		00B31B071DA2E613005D990B /* ReciRep */ = {
			isa = PBXNativeTarget;
			buildConfigurationList = 00B31B1A1DA2E613005D990B /* Build configuration list for PBXNativeTarget "ReciRep" */;
			buildPhases = (
				00B31B041DA2E613005D990B /* Sources */,
				00B31B051DA2E613005D990B /* Frameworks */,
				00B31B061DA2E613005D990B /* Resources */,
			);
			buildRules = (
			);
			dependencies = (
			);
			name = ReciRep;
			productName = FoodTracker;
			productReference = 00B31B081DA2E613005D990B /* ReciRep.app */;
			productType = "com.apple.product-type.application";
		};
/* End PBXNativeTarget section */

/* Begin PBXProject section */
		00B31B001DA2E613005D990B /* Project object */ = {
			isa = PBXProject;
			attributes = {
				LastSwiftUpdateCheck = 0800;
				LastUpgradeCheck = 0800;
				ORGANIZATIONNAME = "Emily Chou";
				TargetAttributes = {
					00B31B071DA2E613005D990B = {
						CreatedOnToolsVersion = 8.0;
						ProvisioningStyle = Automatic;
					};
				};
			};
			buildConfigurationList = 00B31B031DA2E613005D990B /* Build configuration list for PBXProject "ReciRep" */;
			compatibilityVersion = "Xcode 3.2";
			developmentRegion = English;
			hasScannedForEncodings = 0;
			knownRegions = (
				en,
				Base,
			);
			mainGroup = 00B31AFF1DA2E613005D990B;
			productRefGroup = 00B31B091DA2E613005D990B /* Products */;
			projectDirPath = "";
			projectRoot = "";
			targets = (
				00B31B071DA2E613005D990B /* ReciRep */,
			);
		};
/* End PBXProject section */

/* Begin PBXResourcesBuildPhase section */
		00B31B061DA2E613005D990B /* Resources */ = {
			isa = PBXResourcesBuildPhase;
			buildActionMask = 2147483647;
			files = (
				00B31B161DA2E613005D990B /* LaunchScreen.storyboard in Resources */,
				00B31B131DA2E613005D990B /* Assets.xcassets in Resources */,
				00B31B111DA2E613005D990B /* Main.storyboard in Resources */,
				00B31B241DA881A2005D990B /* ReciRepTests in Resources */,
			);
			runOnlyForDeploymentPostprocessing = 0;
		};
/* End PBXResourcesBuildPhase section */

/* Begin PBXSourcesBuildPhase section */
		00B31B041DA2E613005D990B /* Sources */ = {
			isa = PBXSourcesBuildPhase;
			buildActionMask = 2147483647;
			files = (
				00B31B221DA87F04005D990B /* Meal.swift in Sources */,
				00B31B1E1DA33D56005D990B /* MealViewController.swift in Sources */,
				00B31B201DA780A1005D990B /* RatingControl.swift in Sources */,
				00B31B0C1DA2E613005D990B /* AppDelegate.swift in Sources */,
				00B31B281DAA27E6005D990B /* MealTableViewController.swift in Sources */,
				00B31B261DAA1F2D005D990B /* MealTableViewCell.swift in Sources */,
			);
			runOnlyForDeploymentPostprocessing = 0;
		};
/* End PBXSourcesBuildPhase section */

/* Begin PBXVariantGroup section */
		00B31B0F1DA2E613005D990B /* Main.storyboard */ = {
			isa = PBXVariantGroup;
			children = (
				00B31B101DA2E613005D990B /* Base */,
			);
			name = Main.storyboard;
			sourceTree = "<group>";
		};
		00B31B141DA2E613005D990B /* LaunchScreen.storyboard */ = {
			isa = PBXVariantGroup;
			children = (
				00B31B151DA2E613005D990B /* Base */,
			);
			name = LaunchScreen.storyboard;
			sourceTree = "<group>";
		};
/* End PBXVariantGroup section */

/* Begin XCBuildConfiguration section */
		00B31B181DA2E613005D990B /* Debug */ = {
			isa = XCBuildConfiguration;
			buildSettings = {
				ALWAYS_SEARCH_USER_PATHS = NO;
				CLANG_ANALYZER_NONNULL = YES;
				CLANG_CXX_LANGUAGE_STANDARD = "gnu++0x";
				CLANG_CXX_LIBRARY = "libc++";
				CLANG_ENABLE_MODULES = YES;
				CLANG_ENABLE_OBJC_ARC = YES;
				CLANG_WARN_BOOL_CONVERSION = YES;
				CLANG_WARN_CONSTANT_CONVERSION = YES;
				CLANG_WARN_DIRECT_OBJC_ISA_USAGE = YES_ERROR;
				CLANG_WARN_DOCUMENTATION_COMMENTS = YES;
				CLANG_WARN_EMPTY_BODY = YES;
				CLANG_WARN_ENUM_CONVERSION = YES;
				CLANG_WARN_INFINITE_RECURSION = YES;
				CLANG_WARN_INT_CONVERSION = YES;
				CLANG_WARN_OBJC_ROOT_CLASS = YES_ERROR;
				CLANG_WARN_SUSPICIOUS_MOVES = YES;
				CLANG_WARN_UNREACHABLE_CODE = YES;
				CLANG_WARN__DUPLICATE_METHOD_MATCH = YES;
				"CODE_SIGN_IDENTITY[sdk=iphoneos*]" = "iPhone Developer";
				COPY_PHASE_STRIP = NO;
				DEBUG_INFORMATION_FORMAT = dwarf;
				ENABLE_STRICT_OBJC_MSGSEND = YES;
				ENABLE_TESTABILITY = YES;
				GCC_C_LANGUAGE_STANDARD = gnu99;
				GCC_DYNAMIC_NO_PIC = NO;
				GCC_NO_COMMON_BLOCKS = YES;
				GCC_OPTIMIZATION_LEVEL = 0;
				GCC_PREPROCESSOR_DEFINITIONS = (
					"DEBUG=1",
					"$(inherited)",
				);
				GCC_WARN_64_TO_32_BIT_CONVERSION = YES;
				GCC_WARN_ABOUT_RETURN_TYPE = YES_ERROR;
				GCC_WARN_UNDECLARED_SELECTOR = YES;
				GCC_WARN_UNINITIALIZED_AUTOS = YES_AGGRESSIVE;
				GCC_WARN_UNUSED_FUNCTION = YES;
				GCC_WARN_UNUSED_VARIABLE = YES;
				IPHONEOS_DEPLOYMENT_TARGET = 10.0;
				MTL_ENABLE_DEBUG_INFO = YES;
				ONLY_ACTIVE_ARCH = YES;
				SDKROOT = iphoneos;
				SWIFT_ACTIVE_COMPILATION_CONDITIONS = DEBUG;
				SWIFT_OPTIMIZATION_LEVEL = "-Onone";
				TARGETED_DEVICE_FAMILY = "1,2";
			};
			name = Debug;
		};
		00B31B191DA2E613005D990B /* Release */ = {
			isa = XCBuildConfiguration;
			buildSettings = {
				ALWAYS_SEARCH_USER_PATHS = NO;
				CLANG_ANALYZER_NONNULL = YES;
				CLANG_CXX_LANGUAGE_STANDARD = "gnu++0x";
				CLANG_CXX_LIBRARY = "libc++";
				CLANG_ENABLE_MODULES = YES;
				CLANG_ENABLE_OBJC_ARC = YES;
				CLANG_WARN_BOOL_CONVERSION = YES;
				CLANG_WARN_CONSTANT_CONVERSION = YES;
				CLANG_WARN_DIRECT_OBJC_ISA_USAGE = YES_ERROR;
				CLANG_WARN_DOCUMENTATION_COMMENTS = YES;
				CLANG_WARN_EMPTY_BODY = YES;
				CLANG_WARN_ENUM_CONVERSION = YES;
				CLANG_WARN_INFINITE_RECURSION = YES;
				CLANG_WARN_INT_CONVERSION = YES;
				CLANG_WARN_OBJC_ROOT_CLASS = YES_ERROR;
				CLANG_WARN_SUSPICIOUS_MOVES = YES;
				CLANG_WARN_UNREACHABLE_CODE = YES;
				CLANG_WARN__DUPLICATE_METHOD_MATCH = YES;
				"CODE_SIGN_IDENTITY[sdk=iphoneos*]" = "iPhone Developer";
				COPY_PHASE_STRIP = NO;
				DEBUG_INFORMATION_FORMAT = "dwarf-with-dsym";
				ENABLE_NS_ASSERTIONS = NO;
				ENABLE_STRICT_OBJC_MSGSEND = YES;
				GCC_C_LANGUAGE_STANDARD = gnu99;
				GCC_NO_COMMON_BLOCKS = YES;
				GCC_WARN_64_TO_32_BIT_CONVERSION = YES;
				GCC_WARN_ABOUT_RETURN_TYPE = YES_ERROR;
				GCC_WARN_UNDECLARED_SELECTOR = YES;
				GCC_WARN_UNINITIALIZED_AUTOS = YES_AGGRESSIVE;
				GCC_WARN_UNUSED_FUNCTION = YES;
				GCC_WARN_UNUSED_VARIABLE = YES;
				IPHONEOS_DEPLOYMENT_TARGET = 10.0;
				MTL_ENABLE_DEBUG_INFO = NO;
				SDKROOT = iphoneos;
				SWIFT_OPTIMIZATION_LEVEL = "-Owholemodule";
				TARGETED_DEVICE_FAMILY = "1,2";
				VALIDATE_PRODUCT = YES;
			};
			name = Release;
		};
		00B31B1B1DA2E613005D990B /* Debug */ = {
			isa = XCBuildConfiguration;
			buildSettings = {
				ASSETCATALOG_COMPILER_APPICON_NAME = AppIcon;
				INFOPLIST_FILE = ReciRep/Info.plist;
				LD_RUNPATH_SEARCH_PATHS = "$(inherited) @executable_path/Frameworks";
				PRODUCT_BUNDLE_IDENTIFIER = com.emchou.ReciRep;
				PRODUCT_NAME = "$(TARGET_NAME)";
				SWIFT_VERSION = 3.0;
			};
			name = Debug;
		};
		00B31B1C1DA2E613005D990B /* Release */ = {
			isa = XCBuildConfiguration;
			buildSettings = {
				ASSETCATALOG_COMPILER_APPICON_NAME = AppIcon;
				INFOPLIST_FILE = ReciRep/Info.plist;
				LD_RUNPATH_SEARCH_PATHS = "$(inherited) @executable_path/Frameworks";
				PRODUCT_BUNDLE_IDENTIFIER = com.emchou.ReciRep;
				PRODUCT_NAME = "$(TARGET_NAME)";
				SWIFT_VERSION = 3.0;
			};
			name = Release;
		};
/* End XCBuildConfiguration section */

/* Begin XCConfigurationList section */
		00B31B031DA2E613005D990B /* Build configuration list for PBXProject "ReciRep" */ = {
			isa = XCConfigurationList;
			buildConfigurations = (
				00B31B181DA2E613005D990B /* Debug */,
				00B31B191DA2E613005D990B /* Release */,
			);
			defaultConfigurationIsVisible = 0;
			defaultConfigurationName = Release;
		};
		00B31B1A1DA2E613005D990B /* Build configuration list for PBXNativeTarget "ReciRep" */ = {
			isa = XCConfigurationList;
			buildConfigurations = (
				00B31B1B1DA2E613005D990B /* Debug */,
				00B31B1C1DA2E613005D990B /* Release */,
			);
			defaultConfigurationIsVisible = 0;
			defaultConfigurationName = Release;
		};
/* End XCConfigurationList section */
	};
	rootObject = 00B31B001DA2E613005D990B /* Project object */;
}
